{
  "pins" : [
    {
      "identity" : "bigdecimal",
      "kind" : "remoteSourceControl",
      "location" : "https://github.com/mgriebling/BigDecimal.git",
      "state" : {
        "revision" : "c4e8348c7fbc90f29225d5f8681ce33a16ab33a2",
        "version" : "2.2.3"
      }
    },
    {
      "identity" : "bigint",
      "kind" : "remoteSourceControl",
      "location" : "https://github.com/mgriebling/BigInt.git",
      "state" : {
        "revision" : "498d4d290658d7c43a24b9e309c321592dc294f2",
        "version" : "2.0.10"
      }
    },
    {
      "identity" : "uint128",
      "kind" : "remoteSourceControl",
      "location" : "https://github.com/mgriebling/UInt128.git",
      "state" : {
        "revision" : "59dac4f14d657fd60bacfdfb7398d38b450af74f",
        "version" : "3.1.5"
      }
    }
  ],
  "version" : 2
}
